git.sonicoriginal.software/logger.git v1.0.2 h1:piQdmBFsakcJMydwIhzMgik2XO3gmJ7vtL132FQQio0=
git.sonicoriginal.software/logger.git v1.0.2/go.mod h1:85iRN4FpCF11i+B5NPiLfn3foEv3xn4PrPe9fA8k/UA=
git.sonicoriginal.software/server.git/v2 v2.0.0-rc6 h1:8eA/oFY0PtZqVS79AhH1HRQh0Q7bueta0AxUiFoG1yA=
git.sonicoriginal.software/server.git/v2 v2.0.0-rc6/go.mod h1:Dp1e9tZDX8Hb1VjRcro/9lQLouOsA2TlLoVzEEsYpV4=
